
Microsoft Visual Studio Solution File, Format Version 12.00
# Visual Studio Version 16
VisualStudioVersion = 16.0.30413.136
MinimumVisualStudioVersion = 10.0.40219.1
Project("{FAE04EC0-301F-11D3-BF4B-00C04F79EFBC}") = "PromotionEngine", "PromotionEngine\PromotionEngine.csproj", "{A28EA37E-23C1-48D0-BCA9-96A52A10F540}"
EndProject
Global
	GlobalSection(SolutionConfigurationPlatforms) = preSolution
		Debug|Any CPU = Debug|Any CPU
		Release|Any CPU = Release|Any CPU
	EndGlobalSection
	GlobalSection(ProjectConfigurationPlatforms) = postSolution
		{A28EA37E-23C1-48D0-BCA9-96A52A10F540}.Debug|Any CPU.ActiveCfg = Debug|Any CPU
		{A28EA37E-23C1-48D0-BCA9-96A52A10F540}.Debug|Any CPU.Build.0 = Debug|Any CPU
		{A28EA37E-23C1-48D0-BCA9-96A52A10F540}.Release|Any CPU.ActiveCfg = Release|Any CPU
		{A28EA37E-23C1-48D0-BCA9-96A52A10F540}.Release|Any CPU.Build.0 = Release|Any CPU
	EndGlobalSection
	GlobalSection(SolutionProperties) = preSolution
		HideSolutionNode = FALSE
	EndGlobalSection
	GlobalSection(ExtensibilityGlobals) = postSolution
		SolutionGuid = {287C0BFE-5675-4B4F-BDE1-BE9263F8376C}
	EndGlobalSection
EndGlobal
